// !$*UTF8*$!
{
	archiveVersion = 1;
	classes = {
	};
	objectVersion = 50;
	objects = {

/* Begin PBXBuildFile section */
		83581DBA25BD5CBF002DB6F0 /* Tests_iOS.swift in Sources */ = {isa = PBXBuildFile; fileRef = 83581DB925BD5CBF002DB6F0 /* Tests_iOS.swift */; };
		83581DC525BD5CBF002DB6F0 /* Tests_macOS.swift in Sources */ = {isa = PBXBuildFile; fileRef = 83581DC425BD5CBF002DB6F0 /* Tests_macOS.swift */; };
		83581DC725BD5CBF002DB6F0 /* BullseyeApp.swift in Sources */ = {isa = PBXBuildFile; fileRef = 83581D9E25BD5CB9002DB6F0 /* BullseyeApp.swift */; };
		83581DC825BD5CBF002DB6F0 /* BullseyeApp.swift in Sources */ = {isa = PBXBuildFile; fileRef = 83581D9E25BD5CB9002DB6F0 /* BullseyeApp.swift */; };
		83581DC925BD5CBF002DB6F0 /* ContentView.swift in Sources */ = {isa = PBXBuildFile; fileRef = 83581D9F25BD5CB9002DB6F0 /* ContentView.swift */; };
		83581DCA25BD5CBF002DB6F0 /* ContentView.swift in Sources */ = {isa = PBXBuildFile; fileRef = 83581D9F25BD5CB9002DB6F0 /* ContentView.swift */; };
		83581DCB25BD5CBF002DB6F0 /* Assets.xcassets in Resources */ = {isa = PBXBuildFile; fileRef = 83581DA025BD5CBE002DB6F0 /* Assets.xcassets */; };
		83581DCC25BD5CBF002DB6F0 /* Assets.xcassets in Resources */ = {isa = PBXBuildFile; fileRef = 83581DA025BD5CBE002DB6F0 /* Assets.xcassets */; };
/* End PBXBuildFile section */

/* Begin PBXContainerItemProxy section */
		83581DB625BD5CBF002DB6F0 /* PBXContainerItemProxy */ = {
			isa = PBXContainerItemProxy;
			containerPortal = 83581D9925BD5CB8002DB6F0 /* Project object */;
			proxyType = 1;
			remoteGlobalIDString = 83581DA425BD5CBF002DB6F0;
			remoteInfo = "Bullseye (iOS)";
		};
		83581DC125BD5CBF002DB6F0 /* PBXContainerItemProxy */ = {
			isa = PBXContainerItemProxy;
			containerPortal = 83581D9925BD5CB8002DB6F0 /* Project object */;
			proxyType = 1;
			remoteGlobalIDString = 83581DAC25BD5CBF002DB6F0;
			remoteInfo = "Bullseye (macOS)";
		};
/* End PBXContainerItemProxy section */

/* Begin PBXFileReference section */
		83581D9E25BD5CB9002DB6F0 /* BullseyeApp.swift */ = {isa = PBXFileReference; lastKnownFileType = sourcecode.swift; path = BullseyeApp.swift; sourceTree = "<group>"; };
		83581D9F25BD5CB9002DB6F0 /* ContentView.swift */ = {isa = PBXFileReference; lastKnownFileType = sourcecode.swift; path = ContentView.swift; sourceTree = "<group>"; };
		83581DA025BD5CBE002DB6F0 /* Assets.xcassets */ = {isa = PBXFileReference; lastKnownFileType = folder.assetcatalog; path = Assets.xcassets; sourceTree = "<group>"; };
		83581DA525BD5CBF002DB6F0 /* Bullseye.app */ = {isa = PBXFileReference; explicitFileType = wrapper.application; includeInIndex = 0; path = Bullseye.app; sourceTree = BUILT_PRODUCTS_DIR; };
		83581DA825BD5CBF002DB6F0 /* Info.plist */ = {isa = PBXFileReference; lastKnownFileType = text.plist.xml; path = Info.plist; sourceTree = "<group>"; };
		83581DAD25BD5CBF002DB6F0 /* Bullseye.app */ = {isa = PBXFileReference; explicitFileType = wrapper.application; includeInIndex = 0; path = Bullseye.app; sourceTree = BUILT_PRODUCTS_DIR; };
		83581DAF25BD5CBF002DB6F0 /* Info.plist */ = {isa = PBXFileReference; lastKnownFileType = text.plist.xml; path = Info.plist; sourceTree = "<group>"; };
		83581DB025BD5CBF002DB6F0 /* macOS.entitlements */ = {isa = PBXFileReference; lastKnownFileType = text.plist.entitlements; path = macOS.entitlements; sourceTree = "<group>"; };
		83581DB525BD5CBF002DB6F0 /* Tests iOS.xctest */ = {isa = PBXFileReference; explicitFileType = wrapper.cfbundle; includeInIndex = 0; path = "Tests iOS.xctest"; sourceTree = BUILT_PRODUCTS_DIR; };
		83581DB925BD5CBF002DB6F0 /* Tests_iOS.swift */ = {isa = PBXFileReference; lastKnownFileType = sourcecode.swift; path = Tests_iOS.swift; sourceTree = "<group>"; };
		83581DBB25BD5CBF002DB6F0 /* Info.plist */ = {isa = PBXFileReference; lastKnownFileType = text.plist.xml; path = Info.plist; sourceTree = "<group>"; };
		83581DC025BD5CBF002DB6F0 /* Tests macOS.xctest */ = {isa = PBXFileReference; explicitFileType = wrapper.cfbundle; includeInIndex = 0; path = "Tests macOS.xctest"; sourceTree = BUILT_PRODUCTS_DIR; };
		83581DC425BD5CBF002DB6F0 /* Tests_macOS.swift */ = {isa = PBXFileReference; lastKnownFileType = sourcecode.swift; path = Tests_macOS.swift; sourceTree = "<group>"; };
		83581DC625BD5CBF002DB6F0 /* Info.plist */ = {isa = PBXFileReference; lastKnownFileType = text.plist.xml; path = Info.plist; sourceTree = "<group>"; };
/* End PBXFileReference section */

/* Begin PBXFrameworksBuildPhase section */
		83581DA225BD5CBF002DB6F0 /* Frameworks */ = {
			isa = PBXFrameworksBuildPhase;
			buildActionMask = 2147483647;
			files = (
			);
			runOnlyForDeploymentPostprocessing = 0;
		};
		83581DAA25BD5CBF002DB6F0 /* Frameworks */ = {
			isa = PBXFrameworksBuildPhase;
			buildActionMask = 2147483647;
			files = (
			);
			runOnlyForDeploymentPostprocessing = 0;
		};
		83581DB225BD5CBF002DB6F0 /* Frameworks */ = {
			isa = PBXFrameworksBuildPhase;
			buildActionMask = 2147483647;
			files = (
			);
			runOnlyForDeploymentPostprocessing = 0;
		};
		83581DBD25BD5CBF002DB6F0 /* Frameworks */ = {
			isa = PBXFrameworksBuildPhase;
			buildActionMask = 2147483647;
			files = (
			);
			runOnlyForDeploymentPostprocessing = 0;
		};
/* End PBXFrameworksBuildPhase section */

/* Begin PBXGroup section */
		83581D9825BD5CB8002DB6F0 = {
			isa = PBXGroup;
			children = (
				83581D9D25BD5CB9002DB6F0 /* Shared */,
				83581DA725BD5CBF002DB6F0 /* iOS */,
				83581DAE25BD5CBF002DB6F0 /* macOS */,
				83581DB825BD5CBF002DB6F0 /* Tests iOS */,
				83581DC325BD5CBF002DB6F0 /* Tests macOS */,
				83581DA625BD5CBF002DB6F0 /* Products */,
			);
			sourceTree = "<group>";
		};
		83581D9D25BD5CB9002DB6F0 /* Shared */ = {
			isa = PBXGroup;
			children = (
				83581D9E25BD5CB9002DB6F0 /* BullseyeApp.swift */,
				83581D9F25BD5CB9002DB6F0 /* ContentView.swift */,
				83581DA025BD5CBE002DB6F0 /* Assets.xcassets */,
			);
			path = Shared;
			sourceTree = "<group>";
		};
		83581DA625BD5CBF002DB6F0 /* Products */ = {
			isa = PBXGroup;
			children = (
				83581DA525BD5CBF002DB6F0 /* Bullseye.app */,
				83581DAD25BD5CBF002DB6F0 /* Bullseye.app */,
				83581DB525BD5CBF002DB6F0 /* Tests iOS.xctest */,
				83581DC025BD5CBF002DB6F0 /* Tests macOS.xctest */,
			);
			name = Products;
			sourceTree = "<group>";
		};
		83581DA725BD5CBF002DB6F0 /* iOS */ = {
			isa = PBXGroup;
			children = (
				83581DA825BD5CBF002DB6F0 /* Info.plist */,
			);
			path = iOS;
			sourceTree = "<group>";
		};
		83581DAE25BD5CBF002DB6F0 /* macOS */ = {
			isa = PBXGroup;
			children = (
				83581DAF25BD5CBF002DB6F0 /* Info.plist */,
				83581DB025BD5CBF002DB6F0 /* macOS.entitlements */,
			);
			path = macOS;
			sourceTree = "<group>";
		};
		83581DB825BD5CBF002DB6F0 /* Tests iOS */ = {
			isa = PBXGroup;
			children = (
				83581DB925BD5CBF002DB6F0 /* Tests_iOS.swift */,
				83581DBB25BD5CBF002DB6F0 /* Info.plist */,
			);
			path = "Tests iOS";
			sourceTree = "<group>";
		};
		83581DC325BD5CBF002DB6F0 /* Tests macOS */ = {
			isa = PBXGroup;
			children = (
				83581DC425BD5CBF002DB6F0 /* Tests_macOS.swift */,
				83581DC625BD5CBF002DB6F0 /* Info.plist */,
			);
			path = "Tests macOS";
			sourceTree = "<group>";
		};
/* End PBXGroup section */

/* Begin PBXNativeTarget section */
		83581DA425BD5CBF002DB6F0 /* Bullseye (iOS) */ = {
			isa = PBXNativeTarget;
			buildConfigurationList = 83581DCF25BD5CBF002DB6F0 /* Build configuration list for PBXNativeTarget "Bullseye (iOS)" */;
			buildPhases = (
				83581DA125BD5CBF002DB6F0 /* Sources */,
				83581DA225BD5CBF002DB6F0 /* Frameworks */,
				83581DA325BD5CBF002DB6F0 /* Resources */,
			);
			buildRules = (
			);
			dependencies = (
			);
			name = "Bullseye (iOS)";
			productName = "Bullseye (iOS)";
			productReference = 83581DA525BD5CBF002DB6F0 /* Bullseye.app */;
			productType = "com.apple.product-type.application";
		};
		83581DAC25BD5CBF002DB6F0 /* Bullseye (macOS) */ = {
			isa = PBXNativeTarget;
			buildConfigurationList = 83581DD225BD5CBF002DB6F0 /* Build configuration list for PBXNativeTarget "Bullseye (macOS)" */;
			buildPhases = (
				83581DA925BD5CBF002DB6F0 /* Sources */,
				83581DAA25BD5CBF002DB6F0 /* Frameworks */,
				83581DAB25BD5CBF002DB6F0 /* Resources */,
			);
			buildRules = (
			);
			dependencies = (
			);
			name = "Bullseye (macOS)";
			productName = "Bullseye (macOS)";
			productReference = 83581DAD25BD5CBF002DB6F0 /* Bullseye.app */;
			productType = "com.apple.product-type.application";
		};
		83581DB425BD5CBF002DB6F0 /* Tests iOS */ = {
			isa = PBXNativeTarget;
			buildConfigurationList = 83581DD525BD5CBF002DB6F0 /* Build configuration list for PBXNativeTarget "Tests iOS" */;
			buildPhases = (
				83581DB125BD5CBF002DB6F0 /* Sources */,
				83581DB225BD5CBF002DB6F0 /* Frameworks */,
				83581DB325BD5CBF002DB6F0 /* Resources */,
			);
			buildRules = (
			);
			dependencies = (
				83581DB725BD5CBF002DB6F0 /* PBXTargetDependency */,
			);
			name = "Tests iOS";
			productName = "Tests iOS";
			productReference = 83581DB525BD5CBF002DB6F0 /* Tests iOS.xctest */;
			productType = "com.apple.product-type.bundle.ui-testing";
		};
		83581DBF25BD5CBF002DB6F0 /* Tests macOS */ = {
			isa = PBXNativeTarget;
			buildConfigurationList = 83581DD825BD5CBF002DB6F0 /* Build configuration list for PBXNativeTarget "Tests macOS" */;
			buildPhases = (
				83581DBC25BD5CBF002DB6F0 /* Sources */,
				83581DBD25BD5CBF002DB6F0 /* Frameworks */,
				83581DBE25BD5CBF002DB6F0 /* Resources */,
			);
			buildRules = (
			);
			dependencies = (
				83581DC225BD5CBF002DB6F0 /* PBXTargetDependency */,
			);
			name = "Tests macOS";
			productName = "Tests macOS";
			productReference = 83581DC025BD5CBF002DB6F0 /* Tests macOS.xctest */;
			productType = "com.apple.product-type.bundle.ui-testing";
		};
/* End PBXNativeTarget section */

/* Begin PBXProject section */
		83581D9925BD5CB8002DB6F0 /* Project object */ = {
			isa = PBXProject;
			attributes = {
				LastSwiftUpdateCheck = 1230;
				LastUpgradeCheck = 1230;
				TargetAttributes = {
					83581DA425BD5CBF002DB6F0 = {
						CreatedOnToolsVersion = 12.3;
					};
					83581DAC25BD5CBF002DB6F0 = {
						CreatedOnToolsVersion = 12.3;
					};
					83581DB425BD5CBF002DB6F0 = {
						CreatedOnToolsVersion = 12.3;
						TestTargetID = 83581DA425BD5CBF002DB6F0;
					};
					83581DBF25BD5CBF002DB6F0 = {
						CreatedOnToolsVersion = 12.3;
						TestTargetID = 83581DAC25BD5CBF002DB6F0;
					};
				};
			};
			buildConfigurationList = 83581D9C25BD5CB8002DB6F0 /* Build configuration list for PBXProject "Bullseye" */;
			compatibilityVersion = "Xcode 9.3";
			developmentRegion = en;
			hasScannedForEncodings = 0;
			knownRegions = (
				en,
				Base,
			);
			mainGroup = 83581D9825BD5CB8002DB6F0;
			productRefGroup = 83581DA625BD5CBF002DB6F0 /* Products */;
			projectDirPath = "";
			projectRoot = "";
			targets = (
				83581DA425BD5CBF002DB6F0 /* Bullseye (iOS) */,
				83581DAC25BD5CBF002DB6F0 /* Bullseye (macOS) */,
				83581DB425BD5CBF002DB6F0 /* Tests iOS */,
				83581DBF25BD5CBF002DB6F0 /* Tests macOS */,
			);
		};
/* End PBXProject section */

/* Begin PBXResourcesBuildPhase section */
		83581DA325BD5CBF002DB6F0 /* Resources */ = {
			isa = PBXResourcesBuildPhase;
			buildActionMask = 2147483647;
			files = (
				83581DCB25BD5CBF002DB6F0 /* Assets.xcassets in Resources */,
			);
			runOnlyForDeploymentPostprocessing = 0;
		};
		83581DAB25BD5CBF002DB6F0 /* Resources */ = {
			isa = PBXResourcesBuildPhase;
			buildActionMask = 2147483647;
			files = (
				83581DCC25BD5CBF002DB6F0 /* Assets.xcassets in Resources */,
			);
			runOnlyForDeploymentPostprocessing = 0;
		};
		83581DB325BD5CBF002DB6F0 /* Resources */ = {
			isa = PBXResourcesBuildPhase;
			buildActionMask = 2147483647;
			files = (
			);
			runOnlyForDeploymentPostprocessing = 0;
		};
		83581DBE25BD5CBF002DB6F0 /* Resources */ = {
			isa = PBXResourcesBuildPhase;
			buildActionMask = 2147483647;
			files = (
			);
			runOnlyForDeploymentPostprocessing = 0;
		};
/* End PBXResourcesBuildPhase section */

/* Begin PBXSourcesBuildPhase section */
		83581DA125BD5CBF002DB6F0 /* Sources */ = {
			isa = PBXSourcesBuildPhase;
			buildActionMask = 2147483647;
			files = (
				83581DC925BD5CBF002DB6F0 /* ContentView.swift in Sources */,
				83581DC725BD5CBF002DB6F0 /* BullseyeApp.swift in Sources */,
			);
			runOnlyForDeploymentPostprocessing = 0;
		};
		83581DA925BD5CBF002DB6F0 /* Sources */ = {
			isa = PBXSourcesBuildPhase;
			buildActionMask = 2147483647;
			files = (
				83581DCA25BD5CBF002DB6F0 /* ContentView.swift in Sources */,
				83581DC825BD5CBF002DB6F0 /* BullseyeApp.swift in Sources */,
			);
			runOnlyForDeploymentPostprocessing = 0;
		};
		83581DB125BD5CBF002DB6F0 /* Sources */ = {
			isa = PBXSourcesBuildPhase;
			buildActionMask = 2147483647;
			files = (
				83581DBA25BD5CBF002DB6F0 /* Tests_iOS.swift in Sources */,
			);
			runOnlyForDeploymentPostprocessing = 0;
		};
		83581DBC25BD5CBF002DB6F0 /* Sources */ = {
			isa = PBXSourcesBuildPhase;
			buildActionMask = 2147483647;
			files = (
				83581DC525BD5CBF002DB6F0 /* Tests_macOS.swift in Sources */,
			);
			runOnlyForDeploymentPostprocessing = 0;
		};
/* End PBXSourcesBuildPhase section */

/* Begin PBXTargetDependency section */
		83581DB725BD5CBF002DB6F0 /* PBXTargetDependency */ = {
			isa = PBXTargetDependency;
			target = 83581DA425BD5CBF002DB6F0 /* Bullseye (iOS) */;
			targetProxy = 83581DB625BD5CBF002DB6F0 /* PBXContainerItemProxy */;
		};
		83581DC225BD5CBF002DB6F0 /* PBXTargetDependency */ = {
			isa = PBXTargetDependency;
			target = 83581DAC25BD5CBF002DB6F0 /* Bullseye (macOS) */;
			targetProxy = 83581DC125BD5CBF002DB6F0 /* PBXContainerItemProxy */;
		};
/* End PBXTargetDependency section */

/* Begin XCBuildConfiguration section */
		83581DCD25BD5CBF002DB6F0 /* Debug */ = {
			isa = XCBuildConfiguration;
			buildSettings = {
				ALWAYS_SEARCH_USER_PATHS = NO;
				CLANG_ANALYZER_NONNULL = YES;
				CLANG_ANALYZER_NUMBER_OBJECT_CONVERSION = YES_AGGRESSIVE;
				CLANG_CXX_LANGUAGE_STANDARD = "gnu++14";
				CLANG_CXX_LIBRARY = "libc++";
				CLANG_ENABLE_MODULES = YES;
				CLANG_ENABLE_OBJC_ARC = YES;
				CLANG_ENABLE_OBJC_WEAK = YES;
				CLANG_WARN_BLOCK_CAPTURE_AUTORELEASING = YES;
				CLANG_WARN_BOOL_CONVERSION = YES;
				CLANG_WARN_COMMA = YES;
				CLANG_WARN_CONSTANT_CONVERSION = YES;
				CLANG_WARN_DEPRECATED_OBJC_IMPLEMENTATIONS = YES;
				CLANG_WARN_DIRECT_OBJC_ISA_USAGE = YES_ERROR;
				CLANG_WARN_DOCUMENTATION_COMMENTS = YES;
				CLANG_WARN_EMPTY_BODY = YES;
				CLANG_WARN_ENUM_CONVERSION = YES;
				CLANG_WARN_INFINITE_RECURSION = YES;
				CLANG_WARN_INT_CONVERSION = YES;
				CLANG_WARN_NON_LITERAL_NULL_CONVERSION = YES;
				CLANG_WARN_OBJC_IMPLICIT_RETAIN_SELF = YES;
				CLANG_WARN_OBJC_LITERAL_CONVERSION = YES;
				CLANG_WARN_OBJC_ROOT_CLASS = YES_ERROR;
				CLANG_WARN_QUOTED_INCLUDE_IN_FRAMEWORK_HEADER = YES;
				CLANG_WARN_RANGE_LOOP_ANALYSIS = YES;
				CLANG_WARN_STRICT_PROTOTYPES = YES;
				CLANG_WARN_SUSPICIOUS_MOVE = YES;
				CLANG_WARN_UNGUARDED_AVAILABILITY = YES_AGGRESSIVE;
				CLANG_WARN_UNREACHABLE_CODE = YES;
				CLANG_WARN__DUPLICATE_METHOD_MATCH = YES;
				COPY_PHASE_STRIP = NO;
				DEBUG_INFORMATION_FORMAT = dwarf;
				ENABLE_STRICT_OBJC_MSGSEND = YES;
				ENABLE_TESTABILITY = YES;
				GCC_C_LANGUAGE_STANDARD = gnu11;
				GCC_DYNAMIC_NO_PIC = NO;
				GCC_NO_COMMON_BLOCKS = YES;
				GCC_OPTIMIZATION_LEVEL = 0;
				GCC_PREPROCESSOR_DEFINITIONS = (
					"DEBUG=1",
					"$(inherited)",
				);
				GCC_WARN_64_TO_32_BIT_CONVERSION = YES;
				GCC_WARN_ABOUT_RETURN_TYPE = YES_ERROR;
				GCC_WARN_UNDECLARED_SELECTOR = YES;
				GCC_WARN_UNINITIALIZED_AUTOS = YES_AGGRESSIVE;
				GCC_WARN_UNUSED_FUNCTION = YES;
				GCC_WARN_UNUSED_VARIABLE = YES;
				MTL_ENABLE_DEBUG_INFO = INCLUDE_SOURCE;
				MTL_FAST_MATH = YES;
				ONLY_ACTIVE_ARCH = YES;
				SWIFT_ACTIVE_COMPILATION_CONDITIONS = DEBUG;
				SWIFT_OPTIMIZATION_LEVEL = "-Onone";
			};
			name = Debug;
		};
		83581DCE25BD5CBF002DB6F0 /* Release */ = {
			isa = XCBuildConfiguration;
			buildSettings = {
				ALWAYS_SEARCH_USER_PATHS = NO;
				CLANG_ANALYZER_NONNULL = YES;
				CLANG_ANALYZER_NUMBER_OBJECT_CONVERSION = YES_AGGRESSIVE;
				CLANG_CXX_LANGUAGE_STANDARD = "gnu++14";
				CLANG_CXX_LIBRARY = "libc++";
				CLANG_ENABLE_MODULES = YES;
				CLANG_ENABLE_OBJC_ARC = YES;
				CLANG_ENABLE_OBJC_WEAK = YES;
				CLANG_WARN_BLOCK_CAPTURE_AUTORELEASING = YES;
				CLANG_WARN_BOOL_CONVERSION = YES;
				CLANG_WARN_COMMA = YES;
				CLANG_WARN_CONSTANT_CONVERSION = YES;
				CLANG_WARN_DEPRECATED_OBJC_IMPLEMENTATIONS = YES;
				CLANG_WARN_DIRECT_OBJC_ISA_USAGE = YES_ERROR;
				CLANG_WARN_DOCUMENTATION_COMMENTS = YES;
				CLANG_WARN_EMPTY_BODY = YES;
				CLANG_WARN_ENUM_CONVERSION = YES;
				CLANG_WARN_INFINITE_RECURSION = YES;
				CLANG_WARN_INT_CONVERSION = YES;
				CLANG_WARN_NON_LITERAL_NULL_CONVERSION = YES;
				CLANG_WARN_OBJC_IMPLICIT_RETAIN_SELF = YES;
				CLANG_WARN_OBJC_LITERAL_CONVERSION = YES;
				CLANG_WARN_OBJC_ROOT_CLASS = YES_ERROR;
				CLANG_WARN_QUOTED_INCLUDE_IN_FRAMEWORK_HEADER = YES;
				CLANG_WARN_RANGE_LOOP_ANALYSIS = YES;
				CLANG_WARN_STRICT_PROTOTYPES = YES;
				CLANG_WARN_SUSPICIOUS_MOVE = YES;
				CLANG_WARN_UNGUARDED_AVAILABILITY = YES_AGGRESSIVE;
				CLANG_WARN_UNREACHABLE_CODE = YES;
				CLANG_WARN__DUPLICATE_METHOD_MATCH = YES;
				COPY_PHASE_STRIP = NO;
				DEBUG_INFORMATION_FORMAT = "dwarf-with-dsym";
				ENABLE_NS_ASSERTIONS = NO;
				ENABLE_STRICT_OBJC_MSGSEND = YES;
				GCC_C_LANGUAGE_STANDARD = gnu11;
				GCC_NO_COMMON_BLOCKS = YES;
				GCC_WARN_64_TO_32_BIT_CONVERSION = YES;
				GCC_WARN_ABOUT_RETURN_TYPE = YES_ERROR;
				GCC_WARN_UNDECLARED_SELECTOR = YES;
				GCC_WARN_UNINITIALIZED_AUTOS = YES_AGGRESSIVE;
				GCC_WARN_UNUSED_FUNCTION = YES;
				GCC_WARN_UNUSED_VARIABLE = YES;
				MTL_ENABLE_DEBUG_INFO = NO;
				MTL_FAST_MATH = YES;
				SWIFT_COMPILATION_MODE = wholemodule;
				SWIFT_OPTIMIZATION_LEVEL = "-O";
			};
			name = Release;
		};
		83581DD025BD5CBF002DB6F0 /* Debug */ = {
			isa = XCBuildConfiguration;
			buildSettings = {
				ASSETCATALOG_COMPILER_APPICON_NAME = AppIcon;
				ASSETCATALOG_COMPILER_GLOBAL_ACCENT_COLOR_NAME = AccentColor;
				CODE_SIGN_STYLE = Automatic;
				DEVELOPMENT_TEAM = 9Y322A5L3A;
				ENABLE_PREVIEWS = YES;
				INFOPLIST_FILE = iOS/Info.plist;
				IPHONEOS_DEPLOYMENT_TARGET = 14.0;
				LD_RUNPATH_SEARCH_PATHS = (
					"$(inherited)",
					"@executable_path/Frameworks",
				);
				PRODUCT_BUNDLE_IDENTIFIER = com.runyasak.Bullseye;
				PRODUCT_NAME = Bullseye;
				SDKROOT = iphoneos;
				SWIFT_VERSION = 5.0;
				TARGETED_DEVICE_FAMILY = "1,2";
			};
			name = Debug;
		};
		83581DD125BD5CBF002DB6F0 /* Release */ = {
			isa = XCBuildConfiguration;
			buildSettings = {
				ASSETCATALOG_COMPILER_APPICON_NAME = AppIcon;
				ASSETCATALOG_COMPILER_GLOBAL_ACCENT_COLOR_NAME = AccentColor;
				CODE_SIGN_STYLE = Automatic;
				DEVELOPMENT_TEAM = 9Y322A5L3A;
				ENABLE_PREVIEWS = YES;
				INFOPLIST_FILE = iOS/Info.plist;
				IPHONEOS_DEPLOYMENT_TARGET = 14.0;
				LD_RUNPATH_SEARCH_PATHS = (
					"$(inherited)",
					"@executable_path/Frameworks",
				);
				PRODUCT_BUNDLE_IDENTIFIER = com.runyasak.Bullseye;
				PRODUCT_NAME = Bullseye;
				SDKROOT = iphoneos;
				SWIFT_VERSION = 5.0;
				TARGETED_DEVICE_FAMILY = "1,2";
				VALIDATE_PRODUCT = YES;
			};
			name = Release;
		};
		83581DD325BD5CBF002DB6F0 /* Debug */ = {
			isa = XCBuildConfiguration;
			buildSettings = {
				ASSETCATALOG_COMPILER_APPICON_NAME = AppIcon;
				ASSETCATALOG_COMPILER_GLOBAL_ACCENT_COLOR_NAME = AccentColor;
				CODE_SIGN_ENTITLEMENTS = macOS/macOS.entitlements;
				CODE_SIGN_STYLE = Automatic;
				COMBINE_HIDPI_IMAGES = YES;
				ENABLE_PREVIEWS = YES;
				INFOPLIST_FILE = macOS/Info.plist;
				LD_RUNPATH_SEARCH_PATHS = (
					"$(inherited)",
					"@executable_path/../Frameworks",
				);
				MACOSX_DEPLOYMENT_TARGET = 11.0;
				PRODUCT_BUNDLE_IDENTIFIER = com.runyasak.Bullseye;
				PRODUCT_NAME = Bullseye;
				SDKROOT = macosx;
				SWIFT_VERSION = 5.0;
			};
			name = Debug;
		};
		83581DD425BD5CBF002DB6F0 /* Release */ = {
			isa = XCBuildConfiguration;
			buildSettings = {
				ASSETCATALOG_COMPILER_APPICON_NAME = AppIcon;
				ASSETCATALOG_COMPILER_GLOBAL_ACCENT_COLOR_NAME = AccentColor;
				CODE_SIGN_ENTITLEMENTS = macOS/macOS.entitlements;
				CODE_SIGN_STYLE = Automatic;
				COMBINE_HIDPI_IMAGES = YES;
				ENABLE_PREVIEWS = YES;
				INFOPLIST_FILE = macOS/Info.plist;
				LD_RUNPATH_SEARCH_PATHS = (
					"$(inherited)",
					"@executable_path/../Frameworks",
				);
				MACOSX_DEPLOYMENT_TARGET = 11.0;
				PRODUCT_BUNDLE_IDENTIFIER = com.runyasak.Bullseye;
				PRODUCT_NAME = Bullseye;
				SDKROOT = macosx;
				SWIFT_VERSION = 5.0;
			};
			name = Release;
		};
		83581DD625BD5CBF002DB6F0 /* Debug */ = {
			isa = XCBuildConfiguration;
			buildSettings = {
				ALWAYS_EMBED_SWIFT_STANDARD_LIBRARIES = YES;
				CODE_SIGN_STYLE = Automatic;
				INFOPLIST_FILE = "Tests iOS/Info.plist";
				IPHONEOS_DEPLOYMENT_TARGET = 14.3;
				LD_RUNPATH_SEARCH_PATHS = (
					"$(inherited)",
					"@executable_path/Frameworks",
					"@loader_path/Frameworks",
				);
				PRODUCT_BUNDLE_IDENTIFIER = "com.runyasak.Tests-iOS";
				PRODUCT_NAME = "$(TARGET_NAME)";
				SDKROOT = iphoneos;
				SWIFT_VERSION = 5.0;
				TARGETED_DEVICE_FAMILY = "1,2";
				TEST_TARGET_NAME = "Bullseye (iOS)";
			};
			name = Debug;
		};
		83581DD725BD5CBF002DB6F0 /* Release */ = {
			isa = XCBuildConfiguration;
			buildSettings = {
				ALWAYS_EMBED_SWIFT_STANDARD_LIBRARIES = YES;
				CODE_SIGN_STYLE = Automatic;
				INFOPLIST_FILE = "Tests iOS/Info.plist";
				IPHONEOS_DEPLOYMENT_TARGET = 14.3;
				LD_RUNPATH_SEARCH_PATHS = (
					"$(inherited)",
					"@executable_path/Frameworks",
					"@loader_path/Frameworks",
				);
				PRODUCT_BUNDLE_IDENTIFIER = "com.runyasak.Tests-iOS";
				PRODUCT_NAME = "$(TARGET_NAME)";
				SDKROOT = iphoneos;
				SWIFT_VERSION = 5.0;
				TARGETED_DEVICE_FAMILY = "1,2";
				TEST_TARGET_NAME = "Bullseye (iOS)";
				VALIDATE_PRODUCT = YES;
			};
			name = Release;
		};
		83581DD925BD5CBF002DB6F0 /* Debug */ = {
			isa = XCBuildConfiguration;
			buildSettings = {
				ALWAYS_EMBED_SWIFT_STANDARD_LIBRARIES = YES;
				CODE_SIGN_STYLE = Automatic;
				COMBINE_HIDPI_IMAGES = YES;
				INFOPLIST_FILE = "Tests macOS/Info.plist";
				LD_RUNPATH_SEARCH_PATHS = (
					"$(inherited)",
					"@executable_path/../Frameworks",
					"@loader_path/../Frameworks",
				);
				MACOSX_DEPLOYMENT_TARGET = 11.1;
				PRODUCT_BUNDLE_IDENTIFIER = "com.runyasak.Tests-macOS";
				PRODUCT_NAME = "$(TARGET_NAME)";
				SDKROOT = macosx;
				SWIFT_VERSION = 5.0;
				TEST_TARGET_NAME = "Bullseye (macOS)";
			};
			name = Debug;
		};
		83581DDA25BD5CBF002DB6F0 /* Release */ = {
			isa = XCBuildConfiguration;
			buildSettings = {
				ALWAYS_EMBED_SWIFT_STANDARD_LIBRARIES = YES;
				CODE_SIGN_STYLE = Automatic;
				COMBINE_HIDPI_IMAGES = YES;
				INFOPLIST_FILE = "Tests macOS/Info.plist";
				LD_RUNPATH_SEARCH_PATHS = (
					"$(inherited)",
					"@executable_path/../Frameworks",
					"@loader_path/../Frameworks",
				);
				MACOSX_DEPLOYMENT_TARGET = 11.1;
				PRODUCT_BUNDLE_IDENTIFIER = "com.runyasak.Tests-macOS";
				PRODUCT_NAME = "$(TARGET_NAME)";
				SDKROOT = macosx;
				SWIFT_VERSION = 5.0;
				TEST_TARGET_NAME = "Bullseye (macOS)";
			};
			name = Release;
		};
/* End XCBuildConfiguration section */

/* Begin XCConfigurationList section */
		83581D9C25BD5CB8002DB6F0 /* Build configuration list for PBXProject "Bullseye" */ = {
			isa = XCConfigurationList;
			buildConfigurations = (
				83581DCD25BD5CBF002DB6F0 /* Debug */,
				83581DCE25BD5CBF002DB6F0 /* Release */,
			);
			defaultConfigurationIsVisible = 0;
			defaultConfigurationName = Release;
		};
		83581DCF25BD5CBF002DB6F0 /* Build configuration list for PBXNativeTarget "Bullseye (iOS)" */ = {
			isa = XCConfigurationList;
			buildConfigurations = (
				83581DD025BD5CBF002DB6F0 /* Debug */,
				83581DD125BD5CBF002DB6F0 /* Release */,
			);
			defaultConfigurationIsVisible = 0;
			defaultConfigurationName = Release;
		};
		83581DD225BD5CBF002DB6F0 /* Build configuration list for PBXNativeTarget "Bullseye (macOS)" */ = {
			isa = XCConfigurationList;
			buildConfigurations = (
				83581DD325BD5CBF002DB6F0 /* Debug */,
				83581DD425BD5CBF002DB6F0 /* Release */,
			);
			defaultConfigurationIsVisible = 0;
			defaultConfigurationName = Release;
		};
		83581DD525BD5CBF002DB6F0 /* Build configuration list for PBXNativeTarget "Tests iOS" */ = {
			isa = XCConfigurationList;
			buildConfigurations = (
				83581DD625BD5CBF002DB6F0 /* Debug */,
				83581DD725BD5CBF002DB6F0 /* Release */,
			);
			defaultConfigurationIsVisible = 0;
			defaultConfigurationName = Release;
		};
		83581DD825BD5CBF002DB6F0 /* Build configuration list for PBXNativeTarget "Tests macOS" */ = {
			isa = XCConfigurationList;
			buildConfigurations = (
				83581DD925BD5CBF002DB6F0 /* Debug */,
				83581DDA25BD5CBF002DB6F0 /* Release */,
			);
			defaultConfigurationIsVisible = 0;
			defaultConfigurationName = Release;
		};
/* End XCConfigurationList section */
	};
	rootObject = 83581D9925BD5CB8002DB6F0 /* Project object */;
}
